
Microsoft Visual Studio Solution File, Format Version 12.00
# Visual Studio Version 17
VisualStudioVersion = 17.7.34221.43
MinimumVisualStudioVersion = 10.0.40219.1
Project("{FAE04EC0-301F-11D3-BF4B-00C04F79EFBC}") = "test_bot", "test_bot.csproj", "{3D99CD7B-9C35-4518-A3A5-EAE9EA1AD38F}"
EndProject
Global
	GlobalSection(SolutionConfigurationPlatforms) = preSolution
		Debug|Any CPU = Debug|Any CPU
		Release|Any CPU = Release|Any CPU
	EndGlobalSection
	GlobalSection(ProjectConfigurationPlatforms) = postSolution
		{3D99CD7B-9C35-4518-A3A5-EAE9EA1AD38F}.Debug|Any CPU.ActiveCfg = Debug|Any CPU
		{3D99CD7B-9C35-4518-A3A5-EAE9EA1AD38F}.Debug|Any CPU.Build.0 = Debug|Any CPU
		{3D99CD7B-9C35-4518-A3A5-EAE9EA1AD38F}.Release|Any CPU.ActiveCfg = Release|Any CPU
		{3D99CD7B-9C35-4518-A3A5-EAE9EA1AD38F}.Release|Any CPU.Build.0 = Release|Any CPU
	EndGlobalSection
	GlobalSection(SolutionProperties) = preSolution
		HideSolutionNode = FALSE
	EndGlobalSection
	GlobalSection(ExtensibilityGlobals) = postSolution
		SolutionGuid = {63637E3E-065D-4BAF-BEFF-4A2D05F5960F}
	EndGlobalSection
EndGlobal
